
Microsoft Visual Studio Solution File, Format Version 12.00
# Visual Studio Version 17
VisualStudioVersion = 17.4.33122.133
MinimumVisualStudioVersion = 10.0.40219.1
Project("{FAE04EC0-301F-11D3-BF4B-00C04F79EFBC}") = "auladodia8dezenbro", "auladodia8dezenbro\auladodia8dezenbro.csproj", "{C2CD0D31-D06D-47C1-A19E-DB90119C3E28}"
EndProject
Global
	GlobalSection(SolutionConfigurationPlatforms) = preSolution
		Debug|Any CPU = Debug|Any CPU
		Release|Any CPU = Release|Any CPU
	EndGlobalSection
	GlobalSection(ProjectConfigurationPlatforms) = postSolution
		{C2CD0D31-D06D-47C1-A19E-DB90119C3E28}.Debug|Any CPU.ActiveCfg = Debug|Any CPU
		{C2CD0D31-D06D-47C1-A19E-DB90119C3E28}.Debug|Any CPU.Build.0 = Debug|Any CPU
		{C2CD0D31-D06D-47C1-A19E-DB90119C3E28}.Release|Any CPU.ActiveCfg = Release|Any CPU
		{C2CD0D31-D06D-47C1-A19E-DB90119C3E28}.Release|Any CPU.Build.0 = Release|Any CPU
	EndGlobalSection
	GlobalSection(SolutionProperties) = preSolution
		HideSolutionNode = FALSE
	EndGlobalSection
	GlobalSection(ExtensibilityGlobals) = postSolution
		SolutionGuid = {18BDB4FD-9CF2-4F54-A7EE-1FBAD178C642}
	EndGlobalSection
EndGlobal
